{
    "name": "bencode_wasm",
    "version": "1.0.0",
    "lockfileVersion": 3,
    "requires": true,
    "packages": {
        "": {
            "name": "bencode_wasm",
            "version": "1.0.0",
            "license": "MIT",
            "dependencies": {
                "rimraf": "^6.1.2",
                "terser": "^5.44.1"
            },
            "devDependencies": {
                "@types/node": "^24.10.1"
            }
        },
        "node_modules/@isaacs/balanced-match": {
            "version": "4.0.1",
            "resolved": "https://registry.npmjs.org/@isaacs/balanced-match/-/balanced-match-4.0.1.tgz",
            "integrity": "sha512-yzMTt9lEb8Gv7zRioUilSglI0c0smZ9k5D65677DLWLtWJaXIS3CqcGyUFByYKlnUj6TkjLVs54fBl6+TiGQDQ==",
            "license": "MIT",
            "engines": {
                "node": "20 || >=22"
            }
        },
        "node_modules/@isaacs/brace-expansion": {
            "version": "5.0.0",
            "resolved": "https://registry.npmjs.org/@isaacs/brace-expansion/-/brace-expansion-5.0.0.tgz",
            "integrity": "sha512-ZT55BDLV0yv0RBm2czMiZ+SqCGO7AvmOM3G/w2xhVPH+te0aKgFjmBvGlL1dH+ql2tgGO3MVrbb3jCKyvpgnxA==",
            "license": "MIT",
            "dependencies": {
                "@isaacs/balanced-match": "^4.0.1"
            },
            "engines": {
                "node": "20 || >=22"
            }
        },
        "node_modules/@jridgewell/gen-mapping": {
            "version": "0.3.13",
            "resolved": "https://registry.npmjs.org/@jridgewell/gen-mapping/-/gen-mapping-0.3.13.tgz",
            "integrity": "sha512-2kkt/7niJ6MgEPxF0bYdQ6etZaA+fQvDcLKckhy1yIQOzaoKjBBjSj63/aLVjYE3qhRt5dvM+uUyfCg6UKCBbA==",
            "license": "MIT",
            "dependencies": {
                "@jridgewell/sourcemap-codec": "^1.5.0",
                "@jridgewell/trace-mapping": "^0.3.24"
            }
        },
        "node_modules/@jridgewell/resolve-uri": {
            "version": "3.1.2",
            "resolved": "https://registry.npmjs.org/@jridgewell/resolve-uri/-/resolve-uri-3.1.2.tgz",
            "integrity": "sha512-bRISgCIjP20/tbWSPWMEi54QVPRZExkuD9lJL+UIxUKtwVJA8wW1Trb1jMs1RFXo1CBTNZ/5hpC9QvmKWdopKw==",
            "license": "MIT",
            "engines": {
                "node": ">=6.0.0"
            }
        },
        "node_modules/@jridgewell/source-map": {
            "version": "0.3.11",
            "resolved": "https://registry.npmjs.org/@jridgewell/source-map/-/source-map-0.3.11.tgz",
            "integrity": "sha512-ZMp1V8ZFcPG5dIWnQLr3NSI1MiCU7UETdS/A0G8V/XWHvJv3ZsFqutJn1Y5RPmAPX6F3BiE397OqveU/9NCuIA==",
            "license": "MIT",
            "dependencies": {
                "@jridgewell/gen-mapping": "^0.3.5",
                "@jridgewell/trace-mapping": "^0.3.25"
            }
        },
        "node_modules/@jridgewell/sourcemap-codec": {
            "version": "1.5.5",
            "resolved": "https://registry.npmjs.org/@jridgewell/sourcemap-codec/-/sourcemap-codec-1.5.5.tgz",
            "integrity": "sha512-cYQ9310grqxueWbl+WuIUIaiUaDcj7WOq5fVhEljNVgRfOUhY9fy2zTvfoqWsnebh8Sl70VScFbICvJnLKB0Og==",
            "license": "MIT"
        },
        "node_modules/@jridgewell/trace-mapping": {
            "version": "0.3.31",
            "resolved": "https://registry.npmjs.org/@jridgewell/trace-mapping/-/trace-mapping-0.3.31.tgz",
            "integrity": "sha512-zzNR+SdQSDJzc8joaeP8QQoCQr8NuYx2dIIytl1QeBEZHJ9uW6hebsrYgbz8hJwUQao3TWCMtmfV8Nu1twOLAw==",
            "license": "MIT",
            "dependencies": {
                "@jridgewell/resolve-uri": "^3.1.0",
                "@jridgewell/sourcemap-codec": "^1.4.14"
            }
        },
        "node_modules/@types/node": {
            "version": "24.10.1",
            "resolved": "https://registry.npmjs.org/@types/node/-/node-24.10.1.tgz",
            "integrity": "sha512-GNWcUTRBgIRJD5zj+Tq0fKOJ5XZajIiBroOF0yvj2bSU1WvNdYS/dn9UxwsujGW4JX06dnHyjV2y9rRaybH0iQ==",
            "dev": true,
            "license": "MIT",
            "dependencies": {
                "undici-types": "~7.16.0"
            }
        },
        "node_modules/acorn": {
            "version": "8.15.0",
            "resolved": "https://registry.npmjs.org/acorn/-/acorn-8.15.0.tgz",
            "integrity": "sha512-NZyJarBfL7nWwIq+FDL6Zp/yHEhePMNnnJ0y3qfieCrmNvYct8uvtiV41UvlSe6apAfk0fY1FbWx+NwfmpvtTg==",
            "license": "MIT",
            "bin": {
                "acorn": "bin/acorn"
            },
            "engines": {
                "node": ">=0.4.0"
            }
        },
        "node_modules/buffer-from": {
            "version": "1.1.2",
            "resolved": "https://registry.npmjs.org/buffer-from/-/buffer-from-1.1.2.tgz",
            "integrity": "sha512-E+XQCRwSbaaiChtv6k6Dwgc+bx+Bs6vuKJHHl5kox/BaKbhiXzqQOwK4cO22yElGp2OCmjwVhT3HmxgyPGnJfQ==",
            "license": "MIT"
        },
        "node_modules/commander": {
            "version": "2.20.3",
            "resolved": "https://registry.npmjs.org/commander/-/commander-2.20.3.tgz",
            "integrity": "sha512-GpVkmM8vF2vQUkj2LvZmD35JxeJOLCwJ9cUkugyk2nuhbv3+mJvpLYYt+0+USMxE+oj+ey/lJEnhZw75x/OMcQ==",
            "license": "MIT"
        },
        "node_modules/glob": {
            "version": "13.0.0",
            "resolved": "https://registry.npmjs.org/glob/-/glob-13.0.0.tgz",
            "integrity": "sha512-tvZgpqk6fz4BaNZ66ZsRaZnbHvP/jG3uKJvAZOwEVUL4RTA5nJeeLYfyN9/VA8NX/V3IBG+hkeuGpKjvELkVhA==",
            "license": "BlueOak-1.0.0",
            "dependencies": {
                "minimatch": "^10.1.1",
                "minipass": "^7.1.2",
                "path-scurry": "^2.0.0"
            },
            "engines": {
                "node": "20 || >=22"
            },
            "funding": {
                "url": "https://github.com/sponsors/isaacs"
            }
        },
        "node_modules/lru-cache": {
            "version": "11.2.2",
            "resolved": "https://registry.npmjs.org/lru-cache/-/lru-cache-11.2.2.tgz",
            "integrity": "sha512-F9ODfyqML2coTIsQpSkRHnLSZMtkU8Q+mSfcaIyKwy58u+8k5nvAYeiNhsyMARvzNcXJ9QfWVrcPsC9e9rAxtg==",
            "license": "ISC",
            "engines": {
                "node": "20 || >=22"
            }
        },
        "node_modules/minimatch": {
            "version": "10.1.1",
            "resolved": "https://registry.npmjs.org/minimatch/-/minimatch-10.1.1.tgz",
            "integrity": "sha512-enIvLvRAFZYXJzkCYG5RKmPfrFArdLv+R+lbQ53BmIMLIry74bjKzX6iHAm8WYamJkhSSEabrWN5D97XnKObjQ==",
            "license": "BlueOak-1.0.0",
            "dependencies": {
                "@isaacs/brace-expansion": "^5.0.0"
            },
            "engines": {
                "node": "20 || >=22"
            },
            "funding": {
                "url": "https://github.com/sponsors/isaacs"
            }
        },
        "node_modules/minipass": {
            "version": "7.1.2",
            "resolved": "https://registry.npmjs.org/minipass/-/minipass-7.1.2.tgz",
            "integrity": "sha512-qOOzS1cBTWYF4BH8fVePDBOO9iptMnGUEZwNc/cMWnTV2nVLZ7VoNWEPHkYczZA0pdoA7dl6e7FL659nX9S2aw==",
            "license": "ISC",
            "engines": {
                "node": ">=16 || 14 >=14.17"
            }
        },
        "node_modules/package-json-from-dist": {
            "version": "1.0.1",
            "resolved": "https://registry.npmjs.org/package-json-from-dist/-/package-json-from-dist-1.0.1.tgz",
            "integrity": "sha512-UEZIS3/by4OC8vL3P2dTXRETpebLI2NiI5vIrjaD/5UtrkFX/tNbwjTSRAGC/+7CAo2pIcBaRgWmcBBHcsaCIw==",
            "license": "BlueOak-1.0.0"
        },
        "node_modules/path-scurry": {
            "version": "2.0.1",
            "resolved": "https://registry.npmjs.org/path-scurry/-/path-scurry-2.0.1.tgz",
            "integrity": "sha512-oWyT4gICAu+kaA7QWk/jvCHWarMKNs6pXOGWKDTr7cw4IGcUbW+PeTfbaQiLGheFRpjo6O9J0PmyMfQPjH71oA==",
            "license": "BlueOak-1.0.0",
            "dependencies": {
                "lru-cache": "^11.0.0",
                "minipass": "^7.1.2"
            },
            "engines": {
                "node": "20 || >=22"
            },
            "funding": {
                "url": "https://github.com/sponsors/isaacs"
            }
        },
        "node_modules/rimraf": {
            "version": "6.1.2",
            "resolved": "https://registry.npmjs.org/rimraf/-/rimraf-6.1.2.tgz",
            "integrity": "sha512-cFCkPslJv7BAXJsYlK1dZsbP8/ZNLkCAQ0bi1hf5EKX2QHegmDFEFA6QhuYJlk7UDdc+02JjO80YSOrWPpw06g==",
            "license": "BlueOak-1.0.0",
            "dependencies": {
                "glob": "^13.0.0",
                "package-json-from-dist": "^1.0.1"
            },
            "bin": {
                "rimraf": "dist/esm/bin.mjs"
            },
            "engines": {
                "node": "20 || >=22"
            },
            "funding": {
                "url": "https://github.com/sponsors/isaacs"
            }
        },
        "node_modules/source-map": {
            "version": "0.6.1",
            "resolved": "https://registry.npmjs.org/source-map/-/source-map-0.6.1.tgz",
            "integrity": "sha512-UjgapumWlbMhkBgzT7Ykc5YXUT46F0iKu8SGXq0bcwP5dz/h0Plj6enJqjz1Zbq2l5WaqYnrVbwWOWMyF3F47g==",
            "license": "BSD-3-Clause",
            "engines": {
                "node": ">=0.10.0"
            }
        },
        "node_modules/source-map-support": {
            "version": "0.5.21",
            "resolved": "https://registry.npmjs.org/source-map-support/-/source-map-support-0.5.21.tgz",
            "integrity": "sha512-uBHU3L3czsIyYXKX88fdrGovxdSCoTGDRZ6SYXtSRxLZUzHg5P/66Ht6uoUlHu9EZod+inXhKo3qQgwXUT/y1w==",
            "license": "MIT",
            "dependencies": {
                "buffer-from": "^1.0.0",
                "source-map": "^0.6.0"
            }
        },
        "node_modules/terser": {
            "version": "5.44.1",
            "resolved": "https://registry.npmjs.org/terser/-/terser-5.44.1.tgz",
            "integrity": "sha512-t/R3R/n0MSwnnazuPpPNVO60LX0SKL45pyl9YlvxIdkH0Of7D5qM2EVe+yASRIlY5pZ73nclYJfNANGWPwFDZw==",
            "license": "BSD-2-Clause",
            "dependencies": {
                "@jridgewell/source-map": "^0.3.3",
                "acorn": "^8.15.0",
                "commander": "^2.20.0",
                "source-map-support": "~0.5.20"
            },
            "bin": {
                "terser": "bin/terser"
            },
            "engines": {
                "node": ">=10"
            }
        },
        "node_modules/undici-types": {
            "version": "7.16.0",
            "resolved": "https://registry.npmjs.org/undici-types/-/undici-types-7.16.0.tgz",
            "integrity": "sha512-Zz+aZWSj8LE6zoxD+xrjh4VfkIG8Ya6LvYkZqtUQGJPZjYl53ypCaUwWqo7eI0x66KBGeRo+mlBEkMSeSZ38Nw==",
            "dev": true,
            "license": "MIT"
        }
    }
}
